
Microsoft Visual Studio Solution File, Format Version 11.00
# Visual Studio 2010
Project("{FAE04EC0-301F-11D3-BF4B-00C04F79EFBC}") = "Server", "Server\Server.csproj", "{9A63B862-7BE6-4551-894B-46C76DE0DCF9}"
EndProject
Project("{FAE04EC0-301F-11D3-BF4B-00C04F79EFBC}") = "Client", "Client\Client.csproj", "{E2837227-6134-4377-8A1F-D415306117D3}"
EndProject
Project("{FAE04EC0-301F-11D3-BF4B-00C04F79EFBC}") = "StockBroker", "StockBroker\StockBroker.csproj", "{DF70EDE4-B701-4482-9033-7B8CBB35B464}"
EndProject
Project("{FAE04EC0-301F-11D3-BF4B-00C04F79EFBC}") = "Stock", "Stock\Stock.csproj", "{0256539C-C12F-4B2E-9327-03F6FE7D50F8}"
EndProject
Project("{FAE04EC0-301F-11D3-BF4B-00C04F79EFBC}") = "WebSite", "WebSite\WebSite.csproj", "{3482F0CA-F783-4EC1-8B89-9A4E931A37E4}"
EndProject
Global
	GlobalSection(SolutionConfigurationPlatforms) = preSolution
		Debug|Any CPU = Debug|Any CPU
		Debug|Mixed Platforms = Debug|Mixed Platforms
		Debug|x86 = Debug|x86
		Release|Any CPU = Release|Any CPU
		Release|Mixed Platforms = Release|Mixed Platforms
		Release|x86 = Release|x86
	EndGlobalSection
	GlobalSection(ProjectConfigurationPlatforms) = postSolution
		{9A63B862-7BE6-4551-894B-46C76DE0DCF9}.Debug|Any CPU.ActiveCfg = Debug|x86
		{9A63B862-7BE6-4551-894B-46C76DE0DCF9}.Debug|Mixed Platforms.ActiveCfg = Debug|x86
		{9A63B862-7BE6-4551-894B-46C76DE0DCF9}.Debug|Mixed Platforms.Build.0 = Debug|x86
		{9A63B862-7BE6-4551-894B-46C76DE0DCF9}.Debug|x86.ActiveCfg = Debug|x86
		{9A63B862-7BE6-4551-894B-46C76DE0DCF9}.Debug|x86.Build.0 = Debug|x86
		{9A63B862-7BE6-4551-894B-46C76DE0DCF9}.Release|Any CPU.ActiveCfg = Release|x86
		{9A63B862-7BE6-4551-894B-46C76DE0DCF9}.Release|Mixed Platforms.ActiveCfg = Release|x86
		{9A63B862-7BE6-4551-894B-46C76DE0DCF9}.Release|Mixed Platforms.Build.0 = Release|x86
		{9A63B862-7BE6-4551-894B-46C76DE0DCF9}.Release|x86.ActiveCfg = Release|x86
		{9A63B862-7BE6-4551-894B-46C76DE0DCF9}.Release|x86.Build.0 = Release|x86
		{E2837227-6134-4377-8A1F-D415306117D3}.Debug|Any CPU.ActiveCfg = Debug|x86
		{E2837227-6134-4377-8A1F-D415306117D3}.Debug|Mixed Platforms.ActiveCfg = Debug|x86
		{E2837227-6134-4377-8A1F-D415306117D3}.Debug|Mixed Platforms.Build.0 = Debug|x86
		{E2837227-6134-4377-8A1F-D415306117D3}.Debug|x86.ActiveCfg = Debug|x86
		{E2837227-6134-4377-8A1F-D415306117D3}.Debug|x86.Build.0 = Debug|x86
		{E2837227-6134-4377-8A1F-D415306117D3}.Release|Any CPU.ActiveCfg = Release|x86
		{E2837227-6134-4377-8A1F-D415306117D3}.Release|Mixed Platforms.ActiveCfg = Release|x86
		{E2837227-6134-4377-8A1F-D415306117D3}.Release|Mixed Platforms.Build.0 = Release|x86
		{E2837227-6134-4377-8A1F-D415306117D3}.Release|x86.ActiveCfg = Release|x86
		{E2837227-6134-4377-8A1F-D415306117D3}.Release|x86.Build.0 = Release|x86
		{DF70EDE4-B701-4482-9033-7B8CBB35B464}.Debug|Any CPU.ActiveCfg = Debug|x86
		{DF70EDE4-B701-4482-9033-7B8CBB35B464}.Debug|Mixed Platforms.ActiveCfg = Debug|x86
		{DF70EDE4-B701-4482-9033-7B8CBB35B464}.Debug|Mixed Platforms.Build.0 = Debug|x86
		{DF70EDE4-B701-4482-9033-7B8CBB35B464}.Debug|x86.ActiveCfg = Debug|x86
		{DF70EDE4-B701-4482-9033-7B8CBB35B464}.Debug|x86.Build.0 = Debug|x86
		{DF70EDE4-B701-4482-9033-7B8CBB35B464}.Release|Any CPU.ActiveCfg = Release|x86
		{DF70EDE4-B701-4482-9033-7B8CBB35B464}.Release|Mixed Platforms.ActiveCfg = Release|x86
		{DF70EDE4-B701-4482-9033-7B8CBB35B464}.Release|Mixed Platforms.Build.0 = Release|x86
		{DF70EDE4-B701-4482-9033-7B8CBB35B464}.Release|x86.ActiveCfg = Release|x86
		{DF70EDE4-B701-4482-9033-7B8CBB35B464}.Release|x86.Build.0 = Release|x86
		{0256539C-C12F-4B2E-9327-03F6FE7D50F8}.Debug|Any CPU.ActiveCfg = Debug|Any CPU
		{0256539C-C12F-4B2E-9327-03F6FE7D50F8}.Debug|Any CPU.Build.0 = Debug|Any CPU
		{0256539C-C12F-4B2E-9327-03F6FE7D50F8}.Debug|Mixed Platforms.ActiveCfg = Debug|Any CPU
		{0256539C-C12F-4B2E-9327-03F6FE7D50F8}.Debug|Mixed Platforms.Build.0 = Debug|Any CPU
		{0256539C-C12F-4B2E-9327-03F6FE7D50F8}.Debug|x86.ActiveCfg = Debug|Any CPU
		{0256539C-C12F-4B2E-9327-03F6FE7D50F8}.Release|Any CPU.ActiveCfg = Release|Any CPU
		{0256539C-C12F-4B2E-9327-03F6FE7D50F8}.Release|Any CPU.Build.0 = Release|Any CPU
		{0256539C-C12F-4B2E-9327-03F6FE7D50F8}.Release|Mixed Platforms.ActiveCfg = Release|Any CPU
		{0256539C-C12F-4B2E-9327-03F6FE7D50F8}.Release|Mixed Platforms.Build.0 = Release|Any CPU
		{0256539C-C12F-4B2E-9327-03F6FE7D50F8}.Release|x86.ActiveCfg = Release|Any CPU
		{3482F0CA-F783-4EC1-8B89-9A4E931A37E4}.Debug|Any CPU.ActiveCfg = Debug|Any CPU
		{3482F0CA-F783-4EC1-8B89-9A4E931A37E4}.Debug|Any CPU.Build.0 = Debug|Any CPU
		{3482F0CA-F783-4EC1-8B89-9A4E931A37E4}.Debug|Mixed Platforms.ActiveCfg = Debug|Any CPU
		{3482F0CA-F783-4EC1-8B89-9A4E931A37E4}.Debug|Mixed Platforms.Build.0 = Debug|Any CPU
		{3482F0CA-F783-4EC1-8B89-9A4E931A37E4}.Debug|x86.ActiveCfg = Debug|Any CPU
		{3482F0CA-F783-4EC1-8B89-9A4E931A37E4}.Release|Any CPU.ActiveCfg = Release|Any CPU
		{3482F0CA-F783-4EC1-8B89-9A4E931A37E4}.Release|Any CPU.Build.0 = Release|Any CPU
		{3482F0CA-F783-4EC1-8B89-9A4E931A37E4}.Release|Mixed Platforms.ActiveCfg = Release|Any CPU
		{3482F0CA-F783-4EC1-8B89-9A4E931A37E4}.Release|Mixed Platforms.Build.0 = Release|Any CPU
		{3482F0CA-F783-4EC1-8B89-9A4E931A37E4}.Release|x86.ActiveCfg = Release|Any CPU
	EndGlobalSection
	GlobalSection(SolutionProperties) = preSolution
		HideSolutionNode = FALSE
	EndGlobalSection
EndGlobal
